
Microsoft Visual Studio Solution File, Format Version 12.00
# Visual Studio Version 17
VisualStudioVersion = 17.0.31903.59
MinimumVisualStudioVersion = 10.0.40219.1
Project("{2150E333-8FDC-42A3-9474-1A3956D46DE8}") = "src", "src", "{228FE085-547A-40BC-A243-339EDE6BDF1F}"
EndProject
Project("{FAE04EC0-301F-11D3-BF4B-00C04F79EFBC}") = "AgendaApp.API", "src\AgendaApp.API\AgendaApp.API.csproj", "{F62510DC-0784-4111-8647-02ED603EEEC2}"
EndProject
Project("{FAE04EC0-301F-11D3-BF4B-00C04F79EFBC}") = "AgendaApp.Application", "src\AgendaApp.Application\AgendaApp.Application.csproj", "{EDDDE8D9-09A9-42A8-895F-BBE25350F771}"
EndProject
Project("{FAE04EC0-301F-11D3-BF4B-00C04F79EFBC}") = "AgendaApp.Domain", "src\AgendaApp.Domain\AgendaApp.Domain.csproj", "{6EAC1119-6FEF-429F-A77C-82A7CD0F3052}"
EndProject
Project("{FAE04EC0-301F-11D3-BF4B-00C04F79EFBC}") = "AgendaApp.Infrastructure", "src\AgendaApp.Infrastructure\AgendaApp.Infrastructure.csproj", "{99C7507D-3AA2-4F45-9AAB-2DE0C1DEED1C}"
EndProject
Project("{2150E333-8FDC-42A3-9474-1A3956D46DE8}") = "tests", "tests", "{A2A24A0B-F0E2-444A-8E08-130ED943B8C1}"
EndProject
Project("{FAE04EC0-301F-11D3-BF4B-00C04F79EFBC}") = "AgendaApp.UnitTests", "tests\AgendaApp.UnitTests\AgendaApp.UnitTests.csproj", "{6055385F-66F5-4E4B-826B-52C1007011EF}"
EndProject
Project("{FAE04EC0-301F-11D3-BF4B-00C04F79EFBC}") = "AgendaApp.IntegrationTests", "tests\AgendaApp.IntegrationTests\AgendaApp.IntegrationTests.csproj", "{4479A574-26F6-4AA2-80FA-E7DA6DB8944A}"
EndProject
Global
	GlobalSection(SolutionConfigurationPlatforms) = preSolution
		Debug|Any CPU = Debug|Any CPU
		Release|Any CPU = Release|Any CPU
	EndGlobalSection
	GlobalSection(SolutionProperties) = preSolution
		HideSolutionNode = FALSE
	EndGlobalSection
	GlobalSection(ProjectConfigurationPlatforms) = postSolution
		{F62510DC-0784-4111-8647-02ED603EEEC2}.Debug|Any CPU.ActiveCfg = Debug|Any CPU
		{F62510DC-0784-4111-8647-02ED603EEEC2}.Debug|Any CPU.Build.0 = Debug|Any CPU
		{F62510DC-0784-4111-8647-02ED603EEEC2}.Release|Any CPU.ActiveCfg = Release|Any CPU
		{F62510DC-0784-4111-8647-02ED603EEEC2}.Release|Any CPU.Build.0 = Release|Any CPU
		{EDDDE8D9-09A9-42A8-895F-BBE25350F771}.Debug|Any CPU.ActiveCfg = Debug|Any CPU
		{EDDDE8D9-09A9-42A8-895F-BBE25350F771}.Debug|Any CPU.Build.0 = Debug|Any CPU
		{EDDDE8D9-09A9-42A8-895F-BBE25350F771}.Release|Any CPU.ActiveCfg = Release|Any CPU
		{EDDDE8D9-09A9-42A8-895F-BBE25350F771}.Release|Any CPU.Build.0 = Release|Any CPU
		{6EAC1119-6FEF-429F-A77C-82A7CD0F3052}.Debug|Any CPU.ActiveCfg = Debug|Any CPU
		{6EAC1119-6FEF-429F-A77C-82A7CD0F3052}.Debug|Any CPU.Build.0 = Debug|Any CPU
		{6EAC1119-6FEF-429F-A77C-82A7CD0F3052}.Release|Any CPU.ActiveCfg = Release|Any CPU
		{6EAC1119-6FEF-429F-A77C-82A7CD0F3052}.Release|Any CPU.Build.0 = Release|Any CPU
		{99C7507D-3AA2-4F45-9AAB-2DE0C1DEED1C}.Debug|Any CPU.ActiveCfg = Debug|Any CPU
		{99C7507D-3AA2-4F45-9AAB-2DE0C1DEED1C}.Debug|Any CPU.Build.0 = Debug|Any CPU
		{99C7507D-3AA2-4F45-9AAB-2DE0C1DEED1C}.Release|Any CPU.ActiveCfg = Release|Any CPU
		{99C7507D-3AA2-4F45-9AAB-2DE0C1DEED1C}.Release|Any CPU.Build.0 = Release|Any CPU
		{6055385F-66F5-4E4B-826B-52C1007011EF}.Debug|Any CPU.ActiveCfg = Debug|Any CPU
		{6055385F-66F5-4E4B-826B-52C1007011EF}.Debug|Any CPU.Build.0 = Debug|Any CPU
		{6055385F-66F5-4E4B-826B-52C1007011EF}.Release|Any CPU.ActiveCfg = Release|Any CPU
		{6055385F-66F5-4E4B-826B-52C1007011EF}.Release|Any CPU.Build.0 = Release|Any CPU
		{4479A574-26F6-4AA2-80FA-E7DA6DB8944A}.Debug|Any CPU.ActiveCfg = Debug|Any CPU
		{4479A574-26F6-4AA2-80FA-E7DA6DB8944A}.Debug|Any CPU.Build.0 = Debug|Any CPU
		{4479A574-26F6-4AA2-80FA-E7DA6DB8944A}.Release|Any CPU.ActiveCfg = Release|Any CPU
		{4479A574-26F6-4AA2-80FA-E7DA6DB8944A}.Release|Any CPU.Build.0 = Release|Any CPU
	EndGlobalSection
	GlobalSection(NestedProjects) = preSolution
		{F62510DC-0784-4111-8647-02ED603EEEC2} = {228FE085-547A-40BC-A243-339EDE6BDF1F}
		{EDDDE8D9-09A9-42A8-895F-BBE25350F771} = {228FE085-547A-40BC-A243-339EDE6BDF1F}
		{6EAC1119-6FEF-429F-A77C-82A7CD0F3052} = {228FE085-547A-40BC-A243-339EDE6BDF1F}
		{99C7507D-3AA2-4F45-9AAB-2DE0C1DEED1C} = {228FE085-547A-40BC-A243-339EDE6BDF1F}
		{6055385F-66F5-4E4B-826B-52C1007011EF} = {A2A24A0B-F0E2-444A-8E08-130ED943B8C1}
		{4479A574-26F6-4AA2-80FA-E7DA6DB8944A} = {A2A24A0B-F0E2-444A-8E08-130ED943B8C1}
	EndGlobalSection
EndGlobal
